// !$*UTF8*$!
{
	archiveVersion = 1;
	classes = {
	};
	objectVersion = 70;
	objects = {

/* Begin PBXBuildFile section */
		D4084F8928B0CBCD00B942E5 /* MapView.swift in Sources */ = {isa = PBXBuildFile; fileRef = D4084F8828B0CBCD00B942E5 /* MapView.swift */; };
		D42BAD8328754F5000F6E98F /* NotesStore.swift in Sources */ = {isa = PBXBuildFile; fileRef = D42BAD8228754F5000F6E98F /* NotesStore.swift */; };
		D45A6EAD2875CAEE002B1DB5 /* NoteFormView.swift in Sources */ = {isa = PBXBuildFile; fileRef = D45A6EAC2875CAEE002B1DB5 /* NoteFormView.swift */; };
		D471E5E728C29A3000E729DE /* InfoPlist.strings in Resources */ = {isa = PBXBuildFile; fileRef = D471E5E928C29A3000E729DE /* InfoPlist.strings */; };
		D484E021288D4C3500A9A9A8 /* NotificationManager.swift in Sources */ = {isa = PBXBuildFile; fileRef = D484E020288D4C3500A9A9A8 /* NotificationManager.swift */; };
		D4866D0328B0EA1500A37460 /* LocationManager.swift in Sources */ = {isa = PBXBuildFile; fileRef = D4866D0228B0EA1500A37460 /* LocationManager.swift */; };
		D48C11092882F665004033DE /* NoteListView.swift in Sources */ = {isa = PBXBuildFile; fileRef = D48C11082882F665004033DE /* NoteListView.swift */; };
		D493FC5228840E790015030F /* NotesView.swift in Sources */ = {isa = PBXBuildFile; fileRef = D493FC5128840E790015030F /* NotesView.swift */; };
		D493FC5428840F8F0015030F /* CalendarView.swift in Sources */ = {isa = PBXBuildFile; fileRef = D493FC5328840F8F0015030F /* CalendarView.swift */; };
		D4A02B972874A72E0009830B /* notesApp.swift in Sources */ = {isa = PBXBuildFile; fileRef = D4A02B962874A72E0009830B /* notesApp.swift */; };
		D4A02B992874A72E0009830B /* ContentView.swift in Sources */ = {isa = PBXBuildFile; fileRef = D4A02B982874A72E0009830B /* ContentView.swift */; };
		D4A02B9B2874A7300009830B /* Assets.xcassets in Resources */ = {isa = PBXBuildFile; fileRef = D4A02B9A2874A7300009830B /* Assets.xcassets */; };
		D4A02B9E2874A7300009830B /* Preview Assets.xcassets in Resources */ = {isa = PBXBuildFile; fileRef = D4A02B9D2874A7300009830B /* Preview Assets.xcassets */; };
		D4A02BA62874A7970009830B /* NoteModel.swift in Sources */ = {isa = PBXBuildFile; fileRef = D4A02BA52874A7970009830B /* NoteModel.swift */; };
		D4A02BAA2874ACDB0009830B /* NoteRowView.swift in Sources */ = {isa = PBXBuildFile; fileRef = D4A02BA92874ACDB0009830B /* NoteRowView.swift */; };
		D4A02BAE2874AFAC0009830B /* NoteDetailView.swift in Sources */ = {isa = PBXBuildFile; fileRef = D4A02BAD2874AFAC0009830B /* NoteDetailView.swift */; };
		D4AD7F0F28816A32001D5A03 /* LaunchScreenView.swift in Sources */ = {isa = PBXBuildFile; fileRef = D4AD7F0E28816A32001D5A03 /* LaunchScreenView.swift */; };
		D4BCED792878022A00AA2B8C /* Localizable.strings in Resources */ = {isa = PBXBuildFile; fileRef = D4BCED7B2878022A00AA2B8C /* Localizable.strings */; };
/* End PBXBuildFile section */

/* Begin PBXContainerItemProxy section */
		D45E1ACB2E91279A00C2E1C2 /* PBXContainerItemProxy */ = {
			isa = PBXContainerItemProxy;
			containerPortal = D4A02B8B2874A72E0009830B /* Project object */;
			proxyType = 1;
			remoteGlobalIDString = D4A02B922874A72E0009830B;
			remoteInfo = notes;
		};
/* End PBXContainerItemProxy section */

/* Begin PBXFileReference section */
		D4084F8828B0CBCD00B942E5 /* MapView.swift */ = {isa = PBXFileReference; lastKnownFileType = sourcecode.swift; path = MapView.swift; sourceTree = "<group>"; };
		D42BAD8228754F5000F6E98F /* NotesStore.swift */ = {isa = PBXFileReference; lastKnownFileType = sourcecode.swift; path = NotesStore.swift; sourceTree = "<group>"; };
		D45A6EAC2875CAEE002B1DB5 /* NoteFormView.swift */ = {isa = PBXFileReference; lastKnownFileType = sourcecode.swift; path = NoteFormView.swift; sourceTree = "<group>"; };
		D45E1AC72E91279A00C2E1C2 /* notesTests.xctest */ = {isa = PBXFileReference; explicitFileType = wrapper.cfbundle; includeInIndex = 0; path = notesTests.xctest; sourceTree = BUILT_PRODUCTS_DIR; };
		D471E5E828C29A3000E729DE /* en */ = {isa = PBXFileReference; lastKnownFileType = text.plist.strings; name = en; path = en.lproj/InfoPlist.strings; sourceTree = "<group>"; };
		D471E5EA28C29A3400E729DE /* cs */ = {isa = PBXFileReference; lastKnownFileType = text.plist.strings; name = cs; path = cs.lproj/InfoPlist.strings; sourceTree = "<group>"; };
		D484E020288D4C3500A9A9A8 /* NotificationManager.swift */ = {isa = PBXFileReference; lastKnownFileType = sourcecode.swift; path = NotificationManager.swift; sourceTree = "<group>"; };
		D4866D0228B0EA1500A37460 /* LocationManager.swift */ = {isa = PBXFileReference; lastKnownFileType = sourcecode.swift; path = LocationManager.swift; sourceTree = "<group>"; };
		D48C11082882F665004033DE /* NoteListView.swift */ = {isa = PBXFileReference; lastKnownFileType = sourcecode.swift; path = NoteListView.swift; sourceTree = "<group>"; };
		D493FC5128840E790015030F /* NotesView.swift */ = {isa = PBXFileReference; lastKnownFileType = sourcecode.swift; path = NotesView.swift; sourceTree = "<group>"; };
		D493FC5328840F8F0015030F /* CalendarView.swift */ = {isa = PBXFileReference; lastKnownFileType = sourcecode.swift; path = CalendarView.swift; sourceTree = "<group>"; };
		D4A02B932874A72E0009830B /* J-Notes.app */ = {isa = PBXFileReference; explicitFileType = wrapper.application; includeInIndex = 0; path = "J-Notes.app"; sourceTree = BUILT_PRODUCTS_DIR; };
		D4A02B962874A72E0009830B /* notesApp.swift */ = {isa = PBXFileReference; lastKnownFileType = sourcecode.swift; path = notesApp.swift; sourceTree = "<group>"; };
		D4A02B982874A72E0009830B /* ContentView.swift */ = {isa = PBXFileReference; lastKnownFileType = sourcecode.swift; path = ContentView.swift; sourceTree = "<group>"; };
		D4A02B9A2874A7300009830B /* Assets.xcassets */ = {isa = PBXFileReference; lastKnownFileType = folder.assetcatalog; path = Assets.xcassets; sourceTree = "<group>"; };
		D4A02B9D2874A7300009830B /* Preview Assets.xcassets */ = {isa = PBXFileReference; lastKnownFileType = folder.assetcatalog; path = "Preview Assets.xcassets"; sourceTree = "<group>"; };
		D4A02BA52874A7970009830B /* NoteModel.swift */ = {isa = PBXFileReference; lastKnownFileType = sourcecode.swift; path = NoteModel.swift; sourceTree = "<group>"; };
		D4A02BA92874ACDB0009830B /* NoteRowView.swift */ = {isa = PBXFileReference; lastKnownFileType = sourcecode.swift; path = NoteRowView.swift; sourceTree = "<group>"; };
		D4A02BAD2874AFAC0009830B /* NoteDetailView.swift */ = {isa = PBXFileReference; lastKnownFileType = sourcecode.swift; path = NoteDetailView.swift; sourceTree = "<group>"; };
		D4AD7F0E28816A32001D5A03 /* LaunchScreenView.swift */ = {isa = PBXFileReference; lastKnownFileType = sourcecode.swift; path = LaunchScreenView.swift; sourceTree = "<group>"; };
		D4BCED7A2878022A00AA2B8C /* en */ = {isa = PBXFileReference; lastKnownFileType = text.plist.strings; name = en; path = en.lproj/Localizable.strings; sourceTree = "<group>"; };
		D4BCED7C2878023200AA2B8C /* cs */ = {isa = PBXFileReference; lastKnownFileType = text.plist.strings; name = cs; path = cs.lproj/Localizable.strings; sourceTree = "<group>"; };
/* End PBXFileReference section */

/* Begin PBXFileSystemSynchronizedRootGroup section */
		D45E1AC82E91279A00C2E1C2 /* notesTests */ = {isa = PBXFileSystemSynchronizedRootGroup; explicitFileTypes = {}; explicitFolders = (); path = notesTests; sourceTree = "<group>"; };
/* End PBXFileSystemSynchronizedRootGroup section */

/* Begin PBXFrameworksBuildPhase section */
		D45E1AC42E91279A00C2E1C2 /* Frameworks */ = {
			isa = PBXFrameworksBuildPhase;
			buildActionMask = 2147483647;
			files = (
			);
			runOnlyForDeploymentPostprocessing = 0;
		};
		D4A02B902874A72E0009830B /* Frameworks */ = {
			isa = PBXFrameworksBuildPhase;
			buildActionMask = 2147483647;
			files = (
			);
			runOnlyForDeploymentPostprocessing = 0;
		};
/* End PBXFrameworksBuildPhase section */

/* Begin PBXGroup section */
		D42BAD8128754EEF00F6E98F /* Stores */ = {
			isa = PBXGroup;
			children = (
				D42BAD8228754F5000F6E98F /* NotesStore.swift */,
			);
			path = Stores;
			sourceTree = "<group>";
		};
		D484E01F288D4BF800A9A9A8 /* Managers */ = {
			isa = PBXGroup;
			children = (
				D4866D0228B0EA1500A37460 /* LocationManager.swift */,
				D484E020288D4C3500A9A9A8 /* NotificationManager.swift */,
			);
			path = Managers;
			sourceTree = "<group>";
		};
		D4A02B8A2874A72E0009830B = {
			isa = PBXGroup;
			children = (
				D4A02B952874A72E0009830B /* notes */,
				D45E1AC82E91279A00C2E1C2 /* notesTests */,
				D4A02B942874A72E0009830B /* Products */,
			);
			sourceTree = "<group>";
		};
		D4A02B942874A72E0009830B /* Products */ = {
			isa = PBXGroup;
			children = (
				D4A02B932874A72E0009830B /* J-Notes.app */,
				D45E1AC72E91279A00C2E1C2 /* notesTests.xctest */,
			);
			name = Products;
			sourceTree = "<group>";
		};
		D4A02B952874A72E0009830B /* notes */ = {
			isa = PBXGroup;
			children = (
				D484E01F288D4BF800A9A9A8 /* Managers */,
				D4A02BA42874A7840009830B /* Models */,
				D42BAD8128754EEF00F6E98F /* Stores */,
				D4A02BA72874A8730009830B /* Views */,
				D4A02B962874A72E0009830B /* notesApp.swift */,
				D4A02B9A2874A7300009830B /* Assets.xcassets */,
				D471E5E928C29A3000E729DE /* InfoPlist.strings */,
				D4BCED7B2878022A00AA2B8C /* Localizable.strings */,
				D4A02B9C2874A7300009830B /* Preview Content */,
			);
			path = notes;
			sourceTree = "<group>";
		};
		D4A02B9C2874A7300009830B /* Preview Content */ = {
			isa = PBXGroup;
			children = (
				D4A02B9D2874A7300009830B /* Preview Assets.xcassets */,
			);
			path = "Preview Content";
			sourceTree = "<group>";
		};
		D4A02BA42874A7840009830B /* Models */ = {
			isa = PBXGroup;
			children = (
				D4A02BA52874A7970009830B /* NoteModel.swift */,
			);
			path = Models;
			sourceTree = "<group>";
		};
		D4A02BA72874A8730009830B /* Views */ = {
			isa = PBXGroup;
			children = (
				D4A02BAC2874AF880009830B /* Notes */,
				D493FC5328840F8F0015030F /* CalendarView.swift */,
				D4A02B982874A72E0009830B /* ContentView.swift */,
				D4AD7F0E28816A32001D5A03 /* LaunchScreenView.swift */,
				D4084F8828B0CBCD00B942E5 /* MapView.swift */,
				D493FC5128840E790015030F /* NotesView.swift */,
			);
			path = Views;
			sourceTree = "<group>";
		};
		D4A02BAC2874AF880009830B /* Notes */ = {
			isa = PBXGroup;
			children = (
				D4A02BAD2874AFAC0009830B /* NoteDetailView.swift */,
				D45A6EAC2875CAEE002B1DB5 /* NoteFormView.swift */,
				D48C11082882F665004033DE /* NoteListView.swift */,
				D4A02BA92874ACDB0009830B /* NoteRowView.swift */,
			);
			path = Notes;
			sourceTree = "<group>";
		};
/* End PBXGroup section */

/* Begin PBXNativeTarget section */
		D45E1AC62E91279A00C2E1C2 /* notesTests */ = {
			isa = PBXNativeTarget;
			buildConfigurationList = D45E1ACF2E91279A00C2E1C2 /* Build configuration list for PBXNativeTarget "notesTests" */;
			buildPhases = (
				D45E1AC32E91279A00C2E1C2 /* Sources */,
				D45E1AC42E91279A00C2E1C2 /* Frameworks */,
				D45E1AC52E91279A00C2E1C2 /* Resources */,
			);
			buildRules = (
			);
			dependencies = (
				D45E1ACC2E91279A00C2E1C2 /* PBXTargetDependency */,
			);
			fileSystemSynchronizedGroups = (
				D45E1AC82E91279A00C2E1C2 /* notesTests */,
			);
			name = notesTests;
			packageProductDependencies = (
			);
			productName = notesTests;
			productReference = D45E1AC72E91279A00C2E1C2 /* notesTests.xctest */;
			productType = "com.apple.product-type.bundle.unit-test";
		};
		D4A02B922874A72E0009830B /* notes */ = {
			isa = PBXNativeTarget;
			buildConfigurationList = D4A02BA12874A7300009830B /* Build configuration list for PBXNativeTarget "notes" */;
			buildPhases = (
				D4A02B8F2874A72E0009830B /* Sources */,
				D4A02B902874A72E0009830B /* Frameworks */,
				D4A02B912874A72E0009830B /* Resources */,
			);
			buildRules = (
			);
			dependencies = (
			);
			name = notes;
			productName = notes;
			productReference = D4A02B932874A72E0009830B /* J-Notes.app */;
			productType = "com.apple.product-type.application";
		};
/* End PBXNativeTarget section */

/* Begin PBXProject section */
		D4A02B8B2874A72E0009830B /* Project object */ = {
			isa = PBXProject;
			attributes = {
				BuildIndependentTargetsInParallel = 1;
				LastSwiftUpdateCheck = 2600;
				LastUpgradeCheck = 2600;
				TargetAttributes = {
					D45E1AC62E91279A00C2E1C2 = {
						CreatedOnToolsVersion = 26.0.1;
						TestTargetID = D4A02B922874A72E0009830B;
					};
					D4A02B922874A72E0009830B = {
						CreatedOnToolsVersion = 13.4.1;
					};
				};
			};
			buildConfigurationList = D4A02B8E2874A72E0009830B /* Build configuration list for PBXProject "notes" */;
			compatibilityVersion = "Xcode 13.0";
			developmentRegion = en;
			hasScannedForEncodings = 0;
			knownRegions = (
				en,
				Base,
				cs,
			);
			mainGroup = D4A02B8A2874A72E0009830B;
			productRefGroup = D4A02B942874A72E0009830B /* Products */;
			projectDirPath = "";
			projectRoot = "";
			targets = (
				D4A02B922874A72E0009830B /* notes */,
				D45E1AC62E91279A00C2E1C2 /* notesTests */,
			);
		};
/* End PBXProject section */

/* Begin PBXResourcesBuildPhase section */
		D45E1AC52E91279A00C2E1C2 /* Resources */ = {
			isa = PBXResourcesBuildPhase;
			buildActionMask = 2147483647;
			files = (
			);
			runOnlyForDeploymentPostprocessing = 0;
		};
		D4A02B912874A72E0009830B /* Resources */ = {
			isa = PBXResourcesBuildPhase;
			buildActionMask = 2147483647;
			files = (
				D4A02B9E2874A7300009830B /* Preview Assets.xcassets in Resources */,
				D471E5E728C29A3000E729DE /* InfoPlist.strings in Resources */,
				D4BCED792878022A00AA2B8C /* Localizable.strings in Resources */,
				D4A02B9B2874A7300009830B /* Assets.xcassets in Resources */,
			);
			runOnlyForDeploymentPostprocessing = 0;
		};
/* End PBXResourcesBuildPhase section */

/* Begin PBXSourcesBuildPhase section */
		D45E1AC32E91279A00C2E1C2 /* Sources */ = {
			isa = PBXSourcesBuildPhase;
			buildActionMask = 2147483647;
			files = (
			);
			runOnlyForDeploymentPostprocessing = 0;
		};
		D4A02B8F2874A72E0009830B /* Sources */ = {
			isa = PBXSourcesBuildPhase;
			buildActionMask = 2147483647;
			files = (
				D42BAD8328754F5000F6E98F /* NotesStore.swift in Sources */,
				D4A02B992874A72E0009830B /* ContentView.swift in Sources */,
				D493FC5228840E790015030F /* NotesView.swift in Sources */,
				D48C11092882F665004033DE /* NoteListView.swift in Sources */,
				D4084F8928B0CBCD00B942E5 /* MapView.swift in Sources */,
				D484E021288D4C3500A9A9A8 /* NotificationManager.swift in Sources */,
				D4A02B972874A72E0009830B /* notesApp.swift in Sources */,
				D45A6EAD2875CAEE002B1DB5 /* NoteFormView.swift in Sources */,
				D493FC5428840F8F0015030F /* CalendarView.swift in Sources */,
				D4A02BAA2874ACDB0009830B /* NoteRowView.swift in Sources */,
				D4866D0328B0EA1500A37460 /* LocationManager.swift in Sources */,
				D4A02BA62874A7970009830B /* NoteModel.swift in Sources */,
				D4A02BAE2874AFAC0009830B /* NoteDetailView.swift in Sources */,
				D4AD7F0F28816A32001D5A03 /* LaunchScreenView.swift in Sources */,
			);
			runOnlyForDeploymentPostprocessing = 0;
		};
/* End PBXSourcesBuildPhase section */

/* Begin PBXTargetDependency section */
		D45E1ACC2E91279A00C2E1C2 /* PBXTargetDependency */ = {
			isa = PBXTargetDependency;
			target = D4A02B922874A72E0009830B /* notes */;
			targetProxy = D45E1ACB2E91279A00C2E1C2 /* PBXContainerItemProxy */;
		};
/* End PBXTargetDependency section */

/* Begin PBXVariantGroup section */
		D471E5E928C29A3000E729DE /* InfoPlist.strings */ = {
			isa = PBXVariantGroup;
			children = (
				D471E5E828C29A3000E729DE /* en */,
				D471E5EA28C29A3400E729DE /* cs */,
			);
			name = InfoPlist.strings;
			sourceTree = "<group>";
		};
		D4BCED7B2878022A00AA2B8C /* Localizable.strings */ = {
			isa = PBXVariantGroup;
			children = (
				D4BCED7A2878022A00AA2B8C /* en */,
				D4BCED7C2878023200AA2B8C /* cs */,
			);
			name = Localizable.strings;
			sourceTree = "<group>";
		};
/* End PBXVariantGroup section */

/* Begin XCBuildConfiguration section */
		D45E1ACD2E91279A00C2E1C2 /* Debug */ = {
			isa = XCBuildConfiguration;
			buildSettings = {
				ASSETCATALOG_COMPILER_GENERATE_SWIFT_ASSET_SYMBOL_EXTENSIONS = YES;
				BUNDLE_LOADER = "$(TEST_HOST)";
				CLANG_CXX_LANGUAGE_STANDARD = "gnu++20";
				CODE_SIGN_STYLE = Automatic;
				CURRENT_PROJECT_VERSION = 1;
				DEVELOPMENT_TEAM = K6GM85X5D7;
				GCC_C_LANGUAGE_STANDARD = gnu17;
				GENERATE_INFOPLIST_FILE = YES;
				IPHONEOS_DEPLOYMENT_TARGET = 26.0;
				LOCALIZATION_PREFERS_STRING_CATALOGS = YES;
				MARKETING_VERSION = 1.0;
				PRODUCT_BUNDLE_IDENTIFIER = cz.rob.notesTests;
				PRODUCT_NAME = "$(TARGET_NAME)";
				STRING_CATALOG_GENERATE_SYMBOLS = NO;
				SWIFT_ACTIVE_COMPILATION_CONDITIONS = "DEBUG $(inherited)";
				SWIFT_APPROACHABLE_CONCURRENCY = YES;
				SWIFT_EMIT_LOC_STRINGS = NO;
				SWIFT_UPCOMING_FEATURE_MEMBER_IMPORT_VISIBILITY = YES;
				SWIFT_VERSION = 5.0;
				TARGETED_DEVICE_FAMILY = "1,2";
				TEST_HOST = "$(BUILT_PRODUCTS_DIR)/J-Notes.app/$(BUNDLE_EXECUTABLE_FOLDER_PATH)/J-Notes";
			};
			name = Debug;
		};
		D45E1ACE2E91279A00C2E1C2 /* Release */ = {
			isa = XCBuildConfiguration;
			buildSettings = {
				ASSETCATALOG_COMPILER_GENERATE_SWIFT_ASSET_SYMBOL_EXTENSIONS = YES;
				BUNDLE_LOADER = "$(TEST_HOST)";
				CLANG_CXX_LANGUAGE_STANDARD = "gnu++20";
				CODE_SIGN_STYLE = Automatic;
				CURRENT_PROJECT_VERSION = 1;
				DEVELOPMENT_TEAM = K6GM85X5D7;
				GCC_C_LANGUAGE_STANDARD = gnu17;
				GENERATE_INFOPLIST_FILE = YES;
				IPHONEOS_DEPLOYMENT_TARGET = 26.0;
				LOCALIZATION_PREFERS_STRING_CATALOGS = YES;
				MARKETING_VERSION = 1.0;
				PRODUCT_BUNDLE_IDENTIFIER = cz.rob.notesTests;
				PRODUCT_NAME = "$(TARGET_NAME)";
				STRING_CATALOG_GENERATE_SYMBOLS = NO;
				SWIFT_APPROACHABLE_CONCURRENCY = YES;
				SWIFT_EMIT_LOC_STRINGS = NO;
				SWIFT_UPCOMING_FEATURE_MEMBER_IMPORT_VISIBILITY = YES;
				SWIFT_VERSION = 5.0;
				TARGETED_DEVICE_FAMILY = "1,2";
				TEST_HOST = "$(BUILT_PRODUCTS_DIR)/J-Notes.app/$(BUNDLE_EXECUTABLE_FOLDER_PATH)/J-Notes";
			};
			name = Release;
		};
		D4A02B9F2874A7300009830B /* Debug */ = {
			isa = XCBuildConfiguration;
			buildSettings = {
				ALWAYS_SEARCH_USER_PATHS = NO;
				CLANG_ANALYZER_LOCALIZABILITY_NONLOCALIZED = YES;
				CLANG_ANALYZER_NONNULL = YES;
				CLANG_ANALYZER_NUMBER_OBJECT_CONVERSION = YES_AGGRESSIVE;
				CLANG_CXX_LANGUAGE_STANDARD = "gnu++17";
				CLANG_ENABLE_MODULES = YES;
				CLANG_ENABLE_OBJC_ARC = YES;
				CLANG_ENABLE_OBJC_WEAK = YES;
				CLANG_WARN_BLOCK_CAPTURE_AUTORELEASING = YES;
				CLANG_WARN_BOOL_CONVERSION = YES;
				CLANG_WARN_COMMA = YES;
				CLANG_WARN_CONSTANT_CONVERSION = YES;
				CLANG_WARN_DEPRECATED_OBJC_IMPLEMENTATIONS = YES;
				CLANG_WARN_DIRECT_OBJC_ISA_USAGE = YES_ERROR;
				CLANG_WARN_DOCUMENTATION_COMMENTS = YES;
				CLANG_WARN_EMPTY_BODY = YES;
				CLANG_WARN_ENUM_CONVERSION = YES;
				CLANG_WARN_INFINITE_RECURSION = YES;
				CLANG_WARN_INT_CONVERSION = YES;
				CLANG_WARN_NON_LITERAL_NULL_CONVERSION = YES;
				CLANG_WARN_OBJC_IMPLICIT_RETAIN_SELF = YES;
				CLANG_WARN_OBJC_LITERAL_CONVERSION = YES;
				CLANG_WARN_OBJC_ROOT_CLASS = YES_ERROR;
				CLANG_WARN_QUOTED_INCLUDE_IN_FRAMEWORK_HEADER = YES;
				CLANG_WARN_RANGE_LOOP_ANALYSIS = YES;
				CLANG_WARN_STRICT_PROTOTYPES = YES;
				CLANG_WARN_SUSPICIOUS_MOVE = YES;
				CLANG_WARN_UNGUARDED_AVAILABILITY = YES_AGGRESSIVE;
				CLANG_WARN_UNREACHABLE_CODE = YES;
				CLANG_WARN__DUPLICATE_METHOD_MATCH = YES;
				COPY_PHASE_STRIP = NO;
				DEBUG_INFORMATION_FORMAT = dwarf;
				DEVELOPMENT_TEAM = K6GM85X5D7;
				ENABLE_STRICT_OBJC_MSGSEND = YES;
				ENABLE_TESTABILITY = YES;
				ENABLE_USER_SCRIPT_SANDBOXING = YES;
				GCC_C_LANGUAGE_STANDARD = gnu11;
				GCC_DYNAMIC_NO_PIC = NO;
				GCC_NO_COMMON_BLOCKS = YES;
				GCC_OPTIMIZATION_LEVEL = 0;
				GCC_PREPROCESSOR_DEFINITIONS = (
					"DEBUG=1",
					"$(inherited)",
				);
				GCC_WARN_64_TO_32_BIT_CONVERSION = YES;
				GCC_WARN_ABOUT_RETURN_TYPE = YES_ERROR;
				GCC_WARN_UNDECLARED_SELECTOR = YES;
				GCC_WARN_UNINITIALIZED_AUTOS = YES_AGGRESSIVE;
				GCC_WARN_UNUSED_FUNCTION = YES;
				GCC_WARN_UNUSED_VARIABLE = YES;
				IPHONEOS_DEPLOYMENT_TARGET = 18.0;
				MTL_ENABLE_DEBUG_INFO = INCLUDE_SOURCE;
				MTL_FAST_MATH = YES;
				ONLY_ACTIVE_ARCH = YES;
				SDKROOT = iphoneos;
				STRING_CATALOG_GENERATE_SYMBOLS = YES;
				SWIFT_ACTIVE_COMPILATION_CONDITIONS = DEBUG;
				SWIFT_OPTIMIZATION_LEVEL = "-Onone";
			};
			name = Debug;
		};
		D4A02BA02874A7300009830B /* Release */ = {
			isa = XCBuildConfiguration;
			buildSettings = {
				ALWAYS_SEARCH_USER_PATHS = NO;
				CLANG_ANALYZER_LOCALIZABILITY_NONLOCALIZED = YES;
				CLANG_ANALYZER_NONNULL = YES;
				CLANG_ANALYZER_NUMBER_OBJECT_CONVERSION = YES_AGGRESSIVE;
				CLANG_CXX_LANGUAGE_STANDARD = "gnu++17";
				CLANG_ENABLE_MODULES = YES;
				CLANG_ENABLE_OBJC_ARC = YES;
				CLANG_ENABLE_OBJC_WEAK = YES;
				CLANG_WARN_BLOCK_CAPTURE_AUTORELEASING = YES;
				CLANG_WARN_BOOL_CONVERSION = YES;
				CLANG_WARN_COMMA = YES;
				CLANG_WARN_CONSTANT_CONVERSION = YES;
				CLANG_WARN_DEPRECATED_OBJC_IMPLEMENTATIONS = YES;
				CLANG_WARN_DIRECT_OBJC_ISA_USAGE = YES_ERROR;
				CLANG_WARN_DOCUMENTATION_COMMENTS = YES;
				CLANG_WARN_EMPTY_BODY = YES;
				CLANG_WARN_ENUM_CONVERSION = YES;
				CLANG_WARN_INFINITE_RECURSION = YES;
				CLANG_WARN_INT_CONVERSION = YES;
				CLANG_WARN_NON_LITERAL_NULL_CONVERSION = YES;
				CLANG_WARN_OBJC_IMPLICIT_RETAIN_SELF = YES;
				CLANG_WARN_OBJC_LITERAL_CONVERSION = YES;
				CLANG_WARN_OBJC_ROOT_CLASS = YES_ERROR;
				CLANG_WARN_QUOTED_INCLUDE_IN_FRAMEWORK_HEADER = YES;
				CLANG_WARN_RANGE_LOOP_ANALYSIS = YES;
				CLANG_WARN_STRICT_PROTOTYPES = YES;
				CLANG_WARN_SUSPICIOUS_MOVE = YES;
				CLANG_WARN_UNGUARDED_AVAILABILITY = YES_AGGRESSIVE;
				CLANG_WARN_UNREACHABLE_CODE = YES;
				CLANG_WARN__DUPLICATE_METHOD_MATCH = YES;
				COPY_PHASE_STRIP = NO;
				DEBUG_INFORMATION_FORMAT = "dwarf-with-dsym";
				DEVELOPMENT_TEAM = K6GM85X5D7;
				ENABLE_NS_ASSERTIONS = NO;
				ENABLE_STRICT_OBJC_MSGSEND = YES;
				ENABLE_USER_SCRIPT_SANDBOXING = YES;
				GCC_C_LANGUAGE_STANDARD = gnu11;
				GCC_NO_COMMON_BLOCKS = YES;
				GCC_WARN_64_TO_32_BIT_CONVERSION = YES;
				GCC_WARN_ABOUT_RETURN_TYPE = YES_ERROR;
				GCC_WARN_UNDECLARED_SELECTOR = YES;
				GCC_WARN_UNINITIALIZED_AUTOS = YES_AGGRESSIVE;
				GCC_WARN_UNUSED_FUNCTION = YES;
				GCC_WARN_UNUSED_VARIABLE = YES;
				IPHONEOS_DEPLOYMENT_TARGET = 18.0;
				MTL_ENABLE_DEBUG_INFO = NO;
				MTL_FAST_MATH = YES;
				SDKROOT = iphoneos;
				STRING_CATALOG_GENERATE_SYMBOLS = YES;
				SWIFT_COMPILATION_MODE = wholemodule;
				SWIFT_OPTIMIZATION_LEVEL = "-O";
				VALIDATE_PRODUCT = YES;
			};
			name = Release;
		};
		D4A02BA22874A7300009830B /* Debug */ = {
			isa = XCBuildConfiguration;
			buildSettings = {
				ASSETCATALOG_COMPILER_APPICON_NAME = AppIcon;
				ASSETCATALOG_COMPILER_GLOBAL_ACCENT_COLOR_NAME = AccentColor;
				CODE_SIGN_STYLE = Automatic;
				CURRENT_PROJECT_VERSION = 1;
				DEVELOPMENT_ASSET_PATHS = "\"notes/Preview Content\"";
				ENABLE_PREVIEWS = YES;
				GENERATE_INFOPLIST_FILE = YES;
				INFOPLIST_KEY_NSLocationWhenInUseUsageDescription = "Allow access to location?";
				INFOPLIST_KEY_UIApplicationSceneManifest_Generation = YES;
				INFOPLIST_KEY_UIApplicationSupportsIndirectInputEvents = YES;
				INFOPLIST_KEY_UILaunchScreen_Generation = YES;
				INFOPLIST_KEY_UISupportedInterfaceOrientations_iPad = "UIInterfaceOrientationPortrait UIInterfaceOrientationPortraitUpsideDown UIInterfaceOrientationLandscapeLeft UIInterfaceOrientationLandscapeRight";
				INFOPLIST_KEY_UISupportedInterfaceOrientations_iPhone = "UIInterfaceOrientationPortrait UIInterfaceOrientationLandscapeLeft UIInterfaceOrientationLandscapeRight";
				IPHONEOS_DEPLOYMENT_TARGET = 18.0;
				LD_RUNPATH_SEARCH_PATHS = (
					"$(inherited)",
					"@executable_path/Frameworks",
				);
				MARKETING_VERSION = 1.0.5;
				PRODUCT_BUNDLE_IDENTIFIER = cz.rob.notes;
				PRODUCT_NAME = "J-Notes";
				SUPPORTED_PLATFORMS = "iphoneos iphonesimulator";
				SUPPORTS_MACCATALYST = NO;
				SWIFT_EMIT_LOC_STRINGS = YES;
				SWIFT_VERSION = 6.0;
				TARGETED_DEVICE_FAMILY = "1,2";
			};
			name = Debug;
		};
		D4A02BA32874A7300009830B /* Release */ = {
			isa = XCBuildConfiguration;
			buildSettings = {
				ASSETCATALOG_COMPILER_APPICON_NAME = AppIcon;
				ASSETCATALOG_COMPILER_GLOBAL_ACCENT_COLOR_NAME = AccentColor;
				CODE_SIGN_STYLE = Automatic;
				CURRENT_PROJECT_VERSION = 1;
				DEVELOPMENT_ASSET_PATHS = "\"notes/Preview Content\"";
				ENABLE_PREVIEWS = YES;
				GENERATE_INFOPLIST_FILE = YES;
				INFOPLIST_KEY_NSLocationWhenInUseUsageDescription = "Allow access to location?";
				INFOPLIST_KEY_UIApplicationSceneManifest_Generation = YES;
				INFOPLIST_KEY_UIApplicationSupportsIndirectInputEvents = YES;
				INFOPLIST_KEY_UILaunchScreen_Generation = YES;
				INFOPLIST_KEY_UISupportedInterfaceOrientations_iPad = "UIInterfaceOrientationPortrait UIInterfaceOrientationPortraitUpsideDown UIInterfaceOrientationLandscapeLeft UIInterfaceOrientationLandscapeRight";
				INFOPLIST_KEY_UISupportedInterfaceOrientations_iPhone = "UIInterfaceOrientationPortrait UIInterfaceOrientationLandscapeLeft UIInterfaceOrientationLandscapeRight";
				IPHONEOS_DEPLOYMENT_TARGET = 18.0;
				LD_RUNPATH_SEARCH_PATHS = (
					"$(inherited)",
					"@executable_path/Frameworks",
				);
				MARKETING_VERSION = 1.0.5;
				PRODUCT_BUNDLE_IDENTIFIER = cz.rob.notes;
				PRODUCT_NAME = "J-Notes";
				SUPPORTED_PLATFORMS = "iphoneos iphonesimulator";
				SUPPORTS_MACCATALYST = NO;
				SWIFT_EMIT_LOC_STRINGS = YES;
				SWIFT_VERSION = 6.0;
				TARGETED_DEVICE_FAMILY = "1,2";
			};
			name = Release;
		};
/* End XCBuildConfiguration section */

/* Begin XCConfigurationList section */
		D45E1ACF2E91279A00C2E1C2 /* Build configuration list for PBXNativeTarget "notesTests" */ = {
			isa = XCConfigurationList;
			buildConfigurations = (
				D45E1ACD2E91279A00C2E1C2 /* Debug */,
				D45E1ACE2E91279A00C2E1C2 /* Release */,
			);
			defaultConfigurationIsVisible = 0;
			defaultConfigurationName = Release;
		};
		D4A02B8E2874A72E0009830B /* Build configuration list for PBXProject "notes" */ = {
			isa = XCConfigurationList;
			buildConfigurations = (
				D4A02B9F2874A7300009830B /* Debug */,
				D4A02BA02874A7300009830B /* Release */,
			);
			defaultConfigurationIsVisible = 0;
			defaultConfigurationName = Release;
		};
		D4A02BA12874A7300009830B /* Build configuration list for PBXNativeTarget "notes" */ = {
			isa = XCConfigurationList;
			buildConfigurations = (
				D4A02BA22874A7300009830B /* Debug */,
				D4A02BA32874A7300009830B /* Release */,
			);
			defaultConfigurationIsVisible = 0;
			defaultConfigurationName = Release;
		};
/* End XCConfigurationList section */
	};
	rootObject = D4A02B8B2874A72E0009830B /* Project object */;
}
